// !$*UTF8*$!
{
	archiveVersion = 1;
	classes = {
	};
	objectVersion = 50;
	objects = {

/* Begin PBXBuildFile section */
		6A2B798222BA9830002CA6D9 /* AppDelegate.swift in Sources */ = {isa = PBXBuildFile; fileRef = 6A2B798122BA9830002CA6D9 /* AppDelegate.swift */; };
		6A2B798722BA9830002CA6D9 /* Main.storyboard in Resources */ = {isa = PBXBuildFile; fileRef = 6A2B798522BA9830002CA6D9 /* Main.storyboard */; };
		6A2B798A22BA9830002CA6D9 /* PlaylistCoreData.xcdatamodeld in Sources */ = {isa = PBXBuildFile; fileRef = 6A2B798822BA9830002CA6D9 /* PlaylistCoreData.xcdatamodeld */; };
		6A2B798C22BA9836002CA6D9 /* Assets.xcassets in Resources */ = {isa = PBXBuildFile; fileRef = 6A2B798B22BA9836002CA6D9 /* Assets.xcassets */; };
		6A2B798F22BA9836002CA6D9 /* LaunchScreen.storyboard in Resources */ = {isa = PBXBuildFile; fileRef = 6A2B798D22BA9836002CA6D9 /* LaunchScreen.storyboard */; };
		6A2B799A22BA9D5B002CA6D9 /* PlaylistListTableViewController.swift in Sources */ = {isa = PBXBuildFile; fileRef = 6A2B799922BA9D5B002CA6D9 /* PlaylistListTableViewController.swift */; };
		6A2B799C22BA9E74002CA6D9 /* SongListTableViewController.swift in Sources */ = {isa = PBXBuildFile; fileRef = 6A2B799B22BA9E74002CA6D9 /* SongListTableViewController.swift */; };
		6A2B799E22BAA35D002CA6D9 /* Playlist+Convenience.swift in Sources */ = {isa = PBXBuildFile; fileRef = 6A2B799D22BAA35D002CA6D9 /* Playlist+Convenience.swift */; };
		6A2B79A022BAA464002CA6D9 /* CoreDataStack.swift in Sources */ = {isa = PBXBuildFile; fileRef = 6A2B799F22BAA464002CA6D9 /* CoreDataStack.swift */; };
		6A2B79A222BAA71E002CA6D9 /* Song+convenience.swift in Sources */ = {isa = PBXBuildFile; fileRef = 6A2B79A122BAA71D002CA6D9 /* Song+convenience.swift */; };
/* End PBXBuildFile section */

/* Begin PBXFileReference section */
		6A2B797E22BA9830002CA6D9 /* PlaylistCoreData.app */ = {isa = PBXFileReference; explicitFileType = wrapper.application; includeInIndex = 0; path = PlaylistCoreData.app; sourceTree = BUILT_PRODUCTS_DIR; };
		6A2B798122BA9830002CA6D9 /* AppDelegate.swift */ = {isa = PBXFileReference; lastKnownFileType = sourcecode.swift; path = AppDelegate.swift; sourceTree = "<group>"; };
		6A2B798622BA9830002CA6D9 /* Base */ = {isa = PBXFileReference; lastKnownFileType = file.storyboard; name = Base; path = Base.lproj/Main.storyboard; sourceTree = "<group>"; };
		6A2B798922BA9830002CA6D9 /* PlaylistCoreData.xcdatamodel */ = {isa = PBXFileReference; lastKnownFileType = wrapper.xcdatamodel; path = PlaylistCoreData.xcdatamodel; sourceTree = "<group>"; };
		6A2B798B22BA9836002CA6D9 /* Assets.xcassets */ = {isa = PBXFileReference; lastKnownFileType = folder.assetcatalog; path = Assets.xcassets; sourceTree = "<group>"; };
		6A2B798E22BA9836002CA6D9 /* Base */ = {isa = PBXFileReference; lastKnownFileType = file.storyboard; name = Base; path = Base.lproj/LaunchScreen.storyboard; sourceTree = "<group>"; };
		6A2B799022BA9836002CA6D9 /* Info.plist */ = {isa = PBXFileReference; lastKnownFileType = text.plist.xml; path = Info.plist; sourceTree = "<group>"; };
		6A2B799922BA9D5B002CA6D9 /* PlaylistListTableViewController.swift */ = {isa = PBXFileReference; lastKnownFileType = sourcecode.swift; path = PlaylistListTableViewController.swift; sourceTree = "<group>"; };
		6A2B799B22BA9E74002CA6D9 /* SongListTableViewController.swift */ = {isa = PBXFileReference; lastKnownFileType = sourcecode.swift; path = SongListTableViewController.swift; sourceTree = "<group>"; };
		6A2B799D22BAA35D002CA6D9 /* Playlist+Convenience.swift */ = {isa = PBXFileReference; lastKnownFileType = sourcecode.swift; path = "Playlist+Convenience.swift"; sourceTree = "<group>"; };
		6A2B799F22BAA464002CA6D9 /* CoreDataStack.swift */ = {isa = PBXFileReference; lastKnownFileType = sourcecode.swift; path = CoreDataStack.swift; sourceTree = "<group>"; };
		6A2B79A122BAA71D002CA6D9 /* Song+convenience.swift */ = {isa = PBXFileReference; lastKnownFileType = sourcecode.swift; path = "Song+convenience.swift"; sourceTree = "<group>"; };
/* End PBXFileReference section */

/* Begin PBXFrameworksBuildPhase section */
		6A2B797B22BA9830002CA6D9 /* Frameworks */ = {
			isa = PBXFrameworksBuildPhase;
			buildActionMask = 2147483647;
			files = (
			);
			runOnlyForDeploymentPostprocessing = 0;
		};
/* End PBXFrameworksBuildPhase section */

/* Begin PBXGroup section */
		6A2B797522BA9830002CA6D9 = {
			isa = PBXGroup;
			children = (
				6A2B798022BA9830002CA6D9 /* PlaylistCoreData */,
				6A2B797F22BA9830002CA6D9 /* Products */,
			);
			sourceTree = "<group>";
		};
		6A2B797F22BA9830002CA6D9 /* Products */ = {
			isa = PBXGroup;
			children = (
				6A2B797E22BA9830002CA6D9 /* PlaylistCoreData.app */,
			);
			name = Products;
			sourceTree = "<group>";
		};
		6A2B798022BA9830002CA6D9 /* PlaylistCoreData */ = {
			isa = PBXGroup;
			children = (
				6A2B798122BA9830002CA6D9 /* AppDelegate.swift */,
				6A2B799722BA98CB002CA6D9 /* Views */,
				6A2B799822BA98D8002CA6D9 /* Resources */,
				6A2B799622BA98B7002CA6D9 /* Model */,
				6A2B799922BA9D5B002CA6D9 /* PlaylistListTableViewController.swift */,
				6A2B799B22BA9E74002CA6D9 /* SongListTableViewController.swift */,
			);
			path = PlaylistCoreData;
			sourceTree = "<group>";
		};
		6A2B799622BA98B7002CA6D9 /* Model */ = {
			isa = PBXGroup;
			children = (
				6A2B799D22BAA35D002CA6D9 /* Playlist+Convenience.swift */,
				6A2B79A122BAA71D002CA6D9 /* Song+convenience.swift */,
				6A2B799F22BAA464002CA6D9 /* CoreDataStack.swift */,
				6A2B798822BA9830002CA6D9 /* PlaylistCoreData.xcdatamodeld */,
			);
			path = Model;
			sourceTree = "<group>";
		};
		6A2B799722BA98CB002CA6D9 /* Views */ = {
			isa = PBXGroup;
			children = (
				6A2B798522BA9830002CA6D9 /* Main.storyboard */,
			);
			path = Views;
			sourceTree = "<group>";
		};
		6A2B799822BA98D8002CA6D9 /* Resources */ = {
			isa = PBXGroup;
			children = (
				6A2B798B22BA9836002CA6D9 /* Assets.xcassets */,
				6A2B798D22BA9836002CA6D9 /* LaunchScreen.storyboard */,
				6A2B799022BA9836002CA6D9 /* Info.plist */,
			);
			path = Resources;
			sourceTree = "<group>";
		};
/* End PBXGroup section */

/* Begin PBXNativeTarget section */
		6A2B797D22BA9830002CA6D9 /* PlaylistCoreData */ = {
			isa = PBXNativeTarget;
			buildConfigurationList = 6A2B799322BA9836002CA6D9 /* Build configuration list for PBXNativeTarget "PlaylistCoreData" */;
			buildPhases = (
				6A2B797A22BA9830002CA6D9 /* Sources */,
				6A2B797B22BA9830002CA6D9 /* Frameworks */,
				6A2B797C22BA9830002CA6D9 /* Resources */,
			);
			buildRules = (
			);
			dependencies = (
			);
			name = PlaylistCoreData;
			productName = PlaylistCoreData;
			productReference = 6A2B797E22BA9830002CA6D9 /* PlaylistCoreData.app */;
			productType = "com.apple.product-type.application";
		};
/* End PBXNativeTarget section */

/* Begin PBXProject section */
		6A2B797622BA9830002CA6D9 /* Project object */ = {
			isa = PBXProject;
			attributes = {
				LastSwiftUpdateCheck = 1010;
				LastUpgradeCheck = 1010;
				ORGANIZATIONNAME = "julia rodriguez";
				TargetAttributes = {
					6A2B797D22BA9830002CA6D9 = {
						CreatedOnToolsVersion = 10.1;
					};
				};
			};
			buildConfigurationList = 6A2B797922BA9830002CA6D9 /* Build configuration list for PBXProject "PlaylistCoreData" */;
			compatibilityVersion = "Xcode 9.3";
			developmentRegion = en;
			hasScannedForEncodings = 0;
			knownRegions = (
				en,
				Base,
			);
			mainGroup = 6A2B797522BA9830002CA6D9;
			productRefGroup = 6A2B797F22BA9830002CA6D9 /* Products */;
			projectDirPath = "";
			projectRoot = "";
			targets = (
				6A2B797D22BA9830002CA6D9 /* PlaylistCoreData */,
			);
		};
/* End PBXProject section */

/* Begin PBXResourcesBuildPhase section */
		6A2B797C22BA9830002CA6D9 /* Resources */ = {
			isa = PBXResourcesBuildPhase;
			buildActionMask = 2147483647;
			files = (
				6A2B798F22BA9836002CA6D9 /* LaunchScreen.storyboard in Resources */,
				6A2B798C22BA9836002CA6D9 /* Assets.xcassets in Resources */,
				6A2B798722BA9830002CA6D9 /* Main.storyboard in Resources */,
			);
			runOnlyForDeploymentPostprocessing = 0;
		};
/* End PBXResourcesBuildPhase section */

/* Begin PBXSourcesBuildPhase section */
		6A2B797A22BA9830002CA6D9 /* Sources */ = {
			isa = PBXSourcesBuildPhase;
			buildActionMask = 2147483647;
			files = (
				6A2B799A22BA9D5B002CA6D9 /* PlaylistListTableViewController.swift in Sources */,
				6A2B799E22BAA35D002CA6D9 /* Playlist+Convenience.swift in Sources */,
				6A2B79A222BAA71E002CA6D9 /* Song+convenience.swift in Sources */,
				6A2B798222BA9830002CA6D9 /* AppDelegate.swift in Sources */,
				6A2B79A022BAA464002CA6D9 /* CoreDataStack.swift in Sources */,
				6A2B799C22BA9E74002CA6D9 /* SongListTableViewController.swift in Sources */,
				6A2B798A22BA9830002CA6D9 /* PlaylistCoreData.xcdatamodeld in Sources */,
			);
			runOnlyForDeploymentPostprocessing = 0;
		};
/* End PBXSourcesBuildPhase section */

/* Begin PBXVariantGroup section */
		6A2B798522BA9830002CA6D9 /* Main.storyboard */ = {
			isa = PBXVariantGroup;
			children = (
				6A2B798622BA9830002CA6D9 /* Base */,
			);
			name = Main.storyboard;
			sourceTree = "<group>";
		};
		6A2B798D22BA9836002CA6D9 /* LaunchScreen.storyboard */ = {
			isa = PBXVariantGroup;
			children = (
				6A2B798E22BA9836002CA6D9 /* Base */,
			);
			name = LaunchScreen.storyboard;
			sourceTree = "<group>";
		};
/* End PBXVariantGroup section */

/* Begin XCBuildConfiguration section */
		6A2B799122BA9836002CA6D9 /* Debug */ = {
			isa = XCBuildConfiguration;
			buildSettings = {
				ALWAYS_SEARCH_USER_PATHS = NO;
				CLANG_ANALYZER_NONNULL = YES;
				CLANG_ANALYZER_NUMBER_OBJECT_CONVERSION = YES_AGGRESSIVE;
				CLANG_CXX_LANGUAGE_STANDARD = "gnu++14";
				CLANG_CXX_LIBRARY = "libc++";
				CLANG_ENABLE_MODULES = YES;
				CLANG_ENABLE_OBJC_ARC = YES;
				CLANG_ENABLE_OBJC_WEAK = YES;
				CLANG_WARN_BLOCK_CAPTURE_AUTORELEASING = YES;
				CLANG_WARN_BOOL_CONVERSION = YES;
				CLANG_WARN_COMMA = YES;
				CLANG_WARN_CONSTANT_CONVERSION = YES;
				CLANG_WARN_DEPRECATED_OBJC_IMPLEMENTATIONS = YES;
				CLANG_WARN_DIRECT_OBJC_ISA_USAGE = YES_ERROR;
				CLANG_WARN_DOCUMENTATION_COMMENTS = YES;
				CLANG_WARN_EMPTY_BODY = YES;
				CLANG_WARN_ENUM_CONVERSION = YES;
				CLANG_WARN_INFINITE_RECURSION = YES;
				CLANG_WARN_INT_CONVERSION = YES;
				CLANG_WARN_NON_LITERAL_NULL_CONVERSION = YES;
				CLANG_WARN_OBJC_IMPLICIT_RETAIN_SELF = YES;
				CLANG_WARN_OBJC_LITERAL_CONVERSION = YES;
				CLANG_WARN_OBJC_ROOT_CLASS = YES_ERROR;
				CLANG_WARN_RANGE_LOOP_ANALYSIS = YES;
				CLANG_WARN_STRICT_PROTOTYPES = YES;
				CLANG_WARN_SUSPICIOUS_MOVE = YES;
				CLANG_WARN_UNGUARDED_AVAILABILITY = YES_AGGRESSIVE;
				CLANG_WARN_UNREACHABLE_CODE = YES;
				CLANG_WARN__DUPLICATE_METHOD_MATCH = YES;
				CODE_SIGN_IDENTITY = "iPhone Developer";
				COPY_PHASE_STRIP = NO;
				DEBUG_INFORMATION_FORMAT = dwarf;
				ENABLE_STRICT_OBJC_MSGSEND = YES;
				ENABLE_TESTABILITY = YES;
				GCC_C_LANGUAGE_STANDARD = gnu11;
				GCC_DYNAMIC_NO_PIC = NO;
				GCC_NO_COMMON_BLOCKS = YES;
				GCC_OPTIMIZATION_LEVEL = 0;
				GCC_PREPROCESSOR_DEFINITIONS = (
					"DEBUG=1",
					"$(inherited)",
				);
				GCC_WARN_64_TO_32_BIT_CONVERSION = YES;
				GCC_WARN_ABOUT_RETURN_TYPE = YES_ERROR;
				GCC_WARN_UNDECLARED_SELECTOR = YES;
				GCC_WARN_UNINITIALIZED_AUTOS = YES_AGGRESSIVE;
				GCC_WARN_UNUSED_FUNCTION = YES;
				GCC_WARN_UNUSED_VARIABLE = YES;
				IPHONEOS_DEPLOYMENT_TARGET = 12.1;
				MTL_ENABLE_DEBUG_INFO = INCLUDE_SOURCE;
				MTL_FAST_MATH = YES;
				ONLY_ACTIVE_ARCH = YES;
				SDKROOT = iphoneos;
				SWIFT_ACTIVE_COMPILATION_CONDITIONS = DEBUG;
				SWIFT_OPTIMIZATION_LEVEL = "-Onone";
			};
			name = Debug;
		};
		6A2B799222BA9836002CA6D9 /* Release */ = {
			isa = XCBuildConfiguration;
			buildSettings = {
				ALWAYS_SEARCH_USER_PATHS = NO;
				CLANG_ANALYZER_NONNULL = YES;
				CLANG_ANALYZER_NUMBER_OBJECT_CONVERSION = YES_AGGRESSIVE;
				CLANG_CXX_LANGUAGE_STANDARD = "gnu++14";
				CLANG_CXX_LIBRARY = "libc++";
				CLANG_ENABLE_MODULES = YES;
				CLANG_ENABLE_OBJC_ARC = YES;
				CLANG_ENABLE_OBJC_WEAK = YES;
				CLANG_WARN_BLOCK_CAPTURE_AUTORELEASING = YES;
				CLANG_WARN_BOOL_CONVERSION = YES;
				CLANG_WARN_COMMA = YES;
				CLANG_WARN_CONSTANT_CONVERSION = YES;
				CLANG_WARN_DEPRECATED_OBJC_IMPLEMENTATIONS = YES;
				CLANG_WARN_DIRECT_OBJC_ISA_USAGE = YES_ERROR;
				CLANG_WARN_DOCUMENTATION_COMMENTS = YES;
				CLANG_WARN_EMPTY_BODY = YES;
				CLANG_WARN_ENUM_CONVERSION = YES;
				CLANG_WARN_INFINITE_RECURSION = YES;
				CLANG_WARN_INT_CONVERSION = YES;
				CLANG_WARN_NON_LITERAL_NULL_CONVERSION = YES;
				CLANG_WARN_OBJC_IMPLICIT_RETAIN_SELF = YES;
				CLANG_WARN_OBJC_LITERAL_CONVERSION = YES;
				CLANG_WARN_OBJC_ROOT_CLASS = YES_ERROR;
				CLANG_WARN_RANGE_LOOP_ANALYSIS = YES;
				CLANG_WARN_STRICT_PROTOTYPES = YES;
				CLANG_WARN_SUSPICIOUS_MOVE = YES;
				CLANG_WARN_UNGUARDED_AVAILABILITY = YES_AGGRESSIVE;
				CLANG_WARN_UNREACHABLE_CODE = YES;
				CLANG_WARN__DUPLICATE_METHOD_MATCH = YES;
				CODE_SIGN_IDENTITY = "iPhone Developer";
				COPY_PHASE_STRIP = NO;
				DEBUG_INFORMATION_FORMAT = "dwarf-with-dsym";
				ENABLE_NS_ASSERTIONS = NO;
				ENABLE_STRICT_OBJC_MSGSEND = YES;
				GCC_C_LANGUAGE_STANDARD = gnu11;
				GCC_NO_COMMON_BLOCKS = YES;
				GCC_WARN_64_TO_32_BIT_CONVERSION = YES;
				GCC_WARN_ABOUT_RETURN_TYPE = YES_ERROR;
				GCC_WARN_UNDECLARED_SELECTOR = YES;
				GCC_WARN_UNINITIALIZED_AUTOS = YES_AGGRESSIVE;
				GCC_WARN_UNUSED_FUNCTION = YES;
				GCC_WARN_UNUSED_VARIABLE = YES;
				IPHONEOS_DEPLOYMENT_TARGET = 12.1;
				MTL_ENABLE_DEBUG_INFO = NO;
				MTL_FAST_MATH = YES;
				SDKROOT = iphoneos;
				SWIFT_COMPILATION_MODE = wholemodule;
				SWIFT_OPTIMIZATION_LEVEL = "-O";
				VALIDATE_PRODUCT = YES;
			};
			name = Release;
		};
		6A2B799422BA9836002CA6D9 /* Debug */ = {
			isa = XCBuildConfiguration;
			buildSettings = {
				ASSETCATALOG_COMPILER_APPICON_NAME = AppIcon;
				CODE_SIGN_STYLE = Automatic;
				DEVELOPMENT_TEAM = 899TSM5Z6B;
				INFOPLIST_FILE = "$(SRCROOT)/PlaylistCoreData/Resources/Info.plist";
				LD_RUNPATH_SEARCH_PATHS = (
					"$(inherited)",
					"@executable_path/Frameworks",
				);
				PRODUCT_BUNDLE_IDENTIFIER = com.juliarodriguez.PlaylistCoreData;
				PRODUCT_NAME = "$(TARGET_NAME)";
				SWIFT_VERSION = 4.2;
				TARGETED_DEVICE_FAMILY = "1,2";
			};
			name = Debug;
		};
		6A2B799522BA9836002CA6D9 /* Release */ = {
			isa = XCBuildConfiguration;
			buildSettings = {
				ASSETCATALOG_COMPILER_APPICON_NAME = AppIcon;
				CODE_SIGN_STYLE = Automatic;
				DEVELOPMENT_TEAM = 899TSM5Z6B;
				INFOPLIST_FILE = "$(SRCROOT)/PlaylistCoreData/Resources/Info.plist";
				LD_RUNPATH_SEARCH_PATHS = (
					"$(inherited)",
					"@executable_path/Frameworks",
				);
				PRODUCT_BUNDLE_IDENTIFIER = com.juliarodriguez.PlaylistCoreData;
				PRODUCT_NAME = "$(TARGET_NAME)";
				SWIFT_VERSION = 4.2;
				TARGETED_DEVICE_FAMILY = "1,2";
			};
			name = Release;
		};
/* End XCBuildConfiguration section */

/* Begin XCConfigurationList section */
		6A2B797922BA9830002CA6D9 /* Build configuration list for PBXProject "PlaylistCoreData" */ = {
			isa = XCConfigurationList;
			buildConfigurations = (
				6A2B799122BA9836002CA6D9 /* Debug */,
				6A2B799222BA9836002CA6D9 /* Release */,
			);
			defaultConfigurationIsVisible = 0;
			defaultConfigurationName = Release;
		};
		6A2B799322BA9836002CA6D9 /* Build configuration list for PBXNativeTarget "PlaylistCoreData" */ = {
			isa = XCConfigurationList;
			buildConfigurations = (
				6A2B799422BA9836002CA6D9 /* Debug */,
				6A2B799522BA9836002CA6D9 /* Release */,
			);
			defaultConfigurationIsVisible = 0;
			defaultConfigurationName = Release;
		};
/* End XCConfigurationList section */

/* Begin XCVersionGroup section */
		6A2B798822BA9830002CA6D9 /* PlaylistCoreData.xcdatamodeld */ = {
			isa = XCVersionGroup;
			children = (
				6A2B798922BA9830002CA6D9 /* PlaylistCoreData.xcdatamodel */,
			);
			currentVersion = 6A2B798922BA9830002CA6D9 /* PlaylistCoreData.xcdatamodel */;
			path = PlaylistCoreData.xcdatamodeld;
			sourceTree = "<group>";
			versionGroupType = wrapper.xcdatamodel;
		};
/* End XCVersionGroup section */
	};
	rootObject = 6A2B797622BA9830002CA6D9 /* Project object */;
}
